// !$*UTF8*$!
{
	archiveVersion = 1;
	classes = {
	};
	objectVersion = 48;
	objects = {

/* Begin PBXBuildFile section */
		D4AEF7051FEAF237002B2CFA /* AppDelegate.swift in Sources */ = {isa = PBXBuildFile; fileRef = D4AEF7041FEAF237002B2CFA /* AppDelegate.swift */; };
		D4AEF7071FEAF237002B2CFA /* ViewController.swift in Sources */ = {isa = PBXBuildFile; fileRef = D4AEF7061FEAF237002B2CFA /* ViewController.swift */; };
		D4AEF70A1FEAF237002B2CFA /* Main.storyboard in Resources */ = {isa = PBXBuildFile; fileRef = D4AEF7081FEAF237002B2CFA /* Main.storyboard */; };
		D4AEF70C1FEAF237002B2CFA /* Assets.xcassets in Resources */ = {isa = PBXBuildFile; fileRef = D4AEF70B1FEAF237002B2CFA /* Assets.xcassets */; };
		D4AEF70F1FEAF237002B2CFA /* LaunchScreen.storyboard in Resources */ = {isa = PBXBuildFile; fileRef = D4AEF70D1FEAF237002B2CFA /* LaunchScreen.storyboard */; };
/* End PBXBuildFile section */

/* Begin PBXFileReference section */
		D4AEF7011FEAF237002B2CFA /* TabBarProblem.app */ = {isa = PBXFileReference; explicitFileType = wrapper.application; includeInIndex = 0; path = TabBarProblem.app; sourceTree = BUILT_PRODUCTS_DIR; };
		D4AEF7041FEAF237002B2CFA /* AppDelegate.swift */ = {isa = PBXFileReference; lastKnownFileType = sourcecode.swift; path = AppDelegate.swift; sourceTree = "<group>"; };
		D4AEF7061FEAF237002B2CFA /* ViewController.swift */ = {isa = PBXFileReference; lastKnownFileType = sourcecode.swift; path = ViewController.swift; sourceTree = "<group>"; };
		D4AEF7091FEAF237002B2CFA /* Base */ = {isa = PBXFileReference; lastKnownFileType = file.storyboard; name = Base; path = Base.lproj/Main.storyboard; sourceTree = "<group>"; };
		D4AEF70B1FEAF237002B2CFA /* Assets.xcassets */ = {isa = PBXFileReference; lastKnownFileType = folder.assetcatalog; path = Assets.xcassets; sourceTree = "<group>"; };
		D4AEF70E1FEAF237002B2CFA /* Base */ = {isa = PBXFileReference; lastKnownFileType = file.storyboard; name = Base; path = Base.lproj/LaunchScreen.storyboard; sourceTree = "<group>"; };
		D4AEF7101FEAF237002B2CFA /* Info.plist */ = {isa = PBXFileReference; lastKnownFileType = text.plist.xml; path = Info.plist; sourceTree = "<group>"; };
/* End PBXFileReference section */

/* Begin PBXFrameworksBuildPhase section */
		D4AEF6FE1FEAF237002B2CFA /* Frameworks */ = {
			isa = PBXFrameworksBuildPhase;
			buildActionMask = 2147483647;
			files = (
			);
			runOnlyForDeploymentPostprocessing = 0;
		};
/* End PBXFrameworksBuildPhase section */

/* Begin PBXGroup section */
		D4AEF6F81FEAF237002B2CFA = {
			isa = PBXGroup;
			children = (
				D4AEF7031FEAF237002B2CFA /* TabBarProblem */,
				D4AEF7021FEAF237002B2CFA /* Products */,
			);
			sourceTree = "<group>";
		};
		D4AEF7021FEAF237002B2CFA /* Products */ = {
			isa = PBXGroup;
			children = (
				D4AEF7011FEAF237002B2CFA /* TabBarProblem.app */,
			);
			name = Products;
			sourceTree = "<group>";
		};
		D4AEF7031FEAF237002B2CFA /* TabBarProblem */ = {
			isa = PBXGroup;
			children = (
				D4AEF7041FEAF237002B2CFA /* AppDelegate.swift */,
				D4AEF7061FEAF237002B2CFA /* ViewController.swift */,
				D4AEF7081FEAF237002B2CFA /* Main.storyboard */,
				D4AEF70B1FEAF237002B2CFA /* Assets.xcassets */,
				D4AEF70D1FEAF237002B2CFA /* LaunchScreen.storyboard */,
				D4AEF7101FEAF237002B2CFA /* Info.plist */,
			);
			path = TabBarProblem;
			sourceTree = "<group>";
		};
/* End PBXGroup section */

/* Begin PBXNativeTarget section */
		D4AEF7001FEAF237002B2CFA /* TabBarProblem */ = {
			isa = PBXNativeTarget;
			buildConfigurationList = D4AEF7131FEAF237002B2CFA /* Build configuration list for PBXNativeTarget "TabBarProblem" */;
			buildPhases = (
				D4AEF6FD1FEAF237002B2CFA /* Sources */,
				D4AEF6FE1FEAF237002B2CFA /* Frameworks */,
				D4AEF6FF1FEAF237002B2CFA /* Resources */,
			);
			buildRules = (
			);
			dependencies = (
			);
			name = TabBarProblem;
			productName = TabBarProblem;
			productReference = D4AEF7011FEAF237002B2CFA /* TabBarProblem.app */;
			productType = "com.apple.product-type.application";
		};
/* End PBXNativeTarget section */

/* Begin PBXProject section */
		D4AEF6F91FEAF237002B2CFA /* Project object */ = {
			isa = PBXProject;
			attributes = {
				LastSwiftUpdateCheck = 0920;
				LastUpgradeCheck = 0920;
				ORGANIZATIONNAME = "Kamil Borzym";
				TargetAttributes = {
					D4AEF7001FEAF237002B2CFA = {
						CreatedOnToolsVersion = 9.2;
						ProvisioningStyle = Automatic;
					};
				};
			};
			buildConfigurationList = D4AEF6FC1FEAF237002B2CFA /* Build configuration list for PBXProject "TabBarProblem" */;
			compatibilityVersion = "Xcode 8.0";
			developmentRegion = en;
			hasScannedForEncodings = 0;
			knownRegions = (
				en,
				Base,
			);
			mainGroup = D4AEF6F81FEAF237002B2CFA;
			productRefGroup = D4AEF7021FEAF237002B2CFA /* Products */;
			projectDirPath = "";
			projectRoot = "";
			targets = (
				D4AEF7001FEAF237002B2CFA /* TabBarProblem */,
			);
		};
/* End PBXProject section */

/* Begin PBXResourcesBuildPhase section */
		D4AEF6FF1FEAF237002B2CFA /* Resources */ = {
			isa = PBXResourcesBuildPhase;
			buildActionMask = 2147483647;
			files = (
				D4AEF70F1FEAF237002B2CFA /* LaunchScreen.storyboard in Resources */,
				D4AEF70C1FEAF237002B2CFA /* Assets.xcassets in Resources */,
				D4AEF70A1FEAF237002B2CFA /* Main.storyboard in Resources */,
			);
			runOnlyForDeploymentPostprocessing = 0;
		};
/* End PBXResourcesBuildPhase section */

/* Begin PBXSourcesBuildPhase section */
		D4AEF6FD1FEAF237002B2CFA /* Sources */ = {
			isa = PBXSourcesBuildPhase;
			buildActionMask = 2147483647;
			files = (
				D4AEF7071FEAF237002B2CFA /* ViewController.swift in Sources */,
				D4AEF7051FEAF237002B2CFA /* AppDelegate.swift in Sources */,
			);
			runOnlyForDeploymentPostprocessing = 0;
		};
/* End PBXSourcesBuildPhase section */

/* Begin PBXVariantGroup section */
		D4AEF7081FEAF237002B2CFA /* Main.storyboard */ = {
			isa = PBXVariantGroup;
			children = (
				D4AEF7091FEAF237002B2CFA /* Base */,
			);
			name = Main.storyboard;
			sourceTree = "<group>";
		};
		D4AEF70D1FEAF237002B2CFA /* LaunchScreen.storyboard */ = {
			isa = PBXVariantGroup;
			children = (
				D4AEF70E1FEAF237002B2CFA /* Base */,
			);
			name = LaunchScreen.storyboard;
			sourceTree = "<group>";
		};
/* End PBXVariantGroup section */

/* Begin XCBuildConfiguration section */
		D4AEF7111FEAF237002B2CFA /* Debug */ = {
			isa = XCBuildConfiguration;
			buildSettings = {
				ALWAYS_SEARCH_USER_PATHS = NO;
				CLANG_ANALYZER_NONNULL = YES;
				CLANG_ANALYZER_NUMBER_OBJECT_CONVERSION = YES_AGGRESSIVE;
				CLANG_CXX_LANGUAGE_STANDARD = "gnu++14";
				CLANG_CXX_LIBRARY = "libc++";
				CLANG_ENABLE_MODULES = YES;
				CLANG_ENABLE_OBJC_ARC = YES;
				CLANG_WARN_BLOCK_CAPTURE_AUTORELEASING = YES;
				CLANG_WARN_BOOL_CONVERSION = YES;
				CLANG_WARN_COMMA = YES;
				CLANG_WARN_CONSTANT_CONVERSION = YES;
				CLANG_WARN_DIRECT_OBJC_ISA_USAGE = YES_ERROR;
				CLANG_WARN_DOCUMENTATION_COMMENTS = YES;
				CLANG_WARN_EMPTY_BODY = YES;
				CLANG_WARN_ENUM_CONVERSION = YES;
				CLANG_WARN_INFINITE_RECURSION = YES;
				CLANG_WARN_INT_CONVERSION = YES;
				CLANG_WARN_NON_LITERAL_NULL_CONVERSION = YES;
				CLANG_WARN_OBJC_LITERAL_CONVERSION = YES;
				CLANG_WARN_OBJC_ROOT_CLASS = YES_ERROR;
				CLANG_WARN_RANGE_LOOP_ANALYSIS = YES;
				CLANG_WARN_STRICT_PROTOTYPES = YES;
				CLANG_WARN_SUSPICIOUS_MOVE = YES;
				CLANG_WARN_UNGUARDED_AVAILABILITY = YES_AGGRESSIVE;
				CLANG_WARN_UNREACHABLE_CODE = YES;
				CLANG_WARN__DUPLICATE_METHOD_MATCH = YES;
				CODE_SIGN_IDENTITY = "iPhone Developer";
				COPY_PHASE_STRIP = NO;
				DEBUG_INFORMATION_FORMAT = dwarf;
				ENABLE_STRICT_OBJC_MSGSEND = YES;
				ENABLE_TESTABILITY = YES;
				GCC_C_LANGUAGE_STANDARD = gnu11;
				GCC_DYNAMIC_NO_PIC = NO;
				GCC_NO_COMMON_BLOCKS = YES;
				GCC_OPTIMIZATION_LEVEL = 0;
				GCC_PREPROCESSOR_DEFINITIONS = (
					"DEBUG=1",
					"$(inherited)",
				);
				GCC_WARN_64_TO_32_BIT_CONVERSION = YES;
				GCC_WARN_ABOUT_RETURN_TYPE = YES_ERROR;
				GCC_WARN_UNDECLARED_SELECTOR = YES;
				GCC_WARN_UNINITIALIZED_AUTOS = YES_AGGRESSIVE;
				GCC_WARN_UNUSED_FUNCTION = YES;
				GCC_WARN_UNUSED_VARIABLE = YES;
				IPHONEOS_DEPLOYMENT_TARGET = 11.2;
				MTL_ENABLE_DEBUG_INFO = YES;
				ONLY_ACTIVE_ARCH = YES;
				SDKROOT = iphoneos;
				SWIFT_ACTIVE_COMPILATION_CONDITIONS = DEBUG;
				SWIFT_OPTIMIZATION_LEVEL = "-Onone";
			};
			name = Debug;
		};
		D4AEF7121FEAF237002B2CFA /* Release */ = {
			isa = XCBuildConfiguration;
			buildSettings = {
				ALWAYS_SEARCH_USER_PATHS = NO;
				CLANG_ANALYZER_NONNULL = YES;
				CLANG_ANALYZER_NUMBER_OBJECT_CONVERSION = YES_AGGRESSIVE;
				CLANG_CXX_LANGUAGE_STANDARD = "gnu++14";
				CLANG_CXX_LIBRARY = "libc++";
				CLANG_ENABLE_MODULES = YES;
				CLANG_ENABLE_OBJC_ARC = YES;
				CLANG_WARN_BLOCK_CAPTURE_AUTORELEASING = YES;
				CLANG_WARN_BOOL_CONVERSION = YES;
				CLANG_WARN_COMMA = YES;
				CLANG_WARN_CONSTANT_CONVERSION = YES;
				CLANG_WARN_DIRECT_OBJC_ISA_USAGE = YES_ERROR;
				CLANG_WARN_DOCUMENTATION_COMMENTS = YES;
				CLANG_WARN_EMPTY_BODY = YES;
				CLANG_WARN_ENUM_CONVERSION = YES;
				CLANG_WARN_INFINITE_RECURSION = YES;
				CLANG_WARN_INT_CONVERSION = YES;
				CLANG_WARN_NON_LITERAL_NULL_CONVERSION = YES;
				CLANG_WARN_OBJC_LITERAL_CONVERSION = YES;
				CLANG_WARN_OBJC_ROOT_CLASS = YES_ERROR;
				CLANG_WARN_RANGE_LOOP_ANALYSIS = YES;
				CLANG_WARN_STRICT_PROTOTYPES = YES;
				CLANG_WARN_SUSPICIOUS_MOVE = YES;
				CLANG_WARN_UNGUARDED_AVAILABILITY = YES_AGGRESSIVE;
				CLANG_WARN_UNREACHABLE_CODE = YES;
				CLANG_WARN__DUPLICATE_METHOD_MATCH = YES;
				CODE_SIGN_IDENTITY = "iPhone Developer";
				COPY_PHASE_STRIP = NO;
				DEBUG_INFORMATION_FORMAT = "dwarf-with-dsym";
				ENABLE_NS_ASSERTIONS = NO;
				ENABLE_STRICT_OBJC_MSGSEND = YES;
				GCC_C_LANGUAGE_STANDARD = gnu11;
				GCC_NO_COMMON_BLOCKS = YES;
				GCC_WARN_64_TO_32_BIT_CONVERSION = YES;
				GCC_WARN_ABOUT_RETURN_TYPE = YES_ERROR;
				GCC_WARN_UNDECLARED_SELECTOR = YES;
				GCC_WARN_UNINITIALIZED_AUTOS = YES_AGGRESSIVE;
				GCC_WARN_UNUSED_FUNCTION = YES;
				GCC_WARN_UNUSED_VARIABLE = YES;
				IPHONEOS_DEPLOYMENT_TARGET = 11.2;
				MTL_ENABLE_DEBUG_INFO = NO;
				SDKROOT = iphoneos;
				SWIFT_OPTIMIZATION_LEVEL = "-Owholemodule";
				VALIDATE_PRODUCT = YES;
			};
			name = Release;
		};
		D4AEF7141FEAF237002B2CFA /* Debug */ = {
			isa = XCBuildConfiguration;
			buildSettings = {
				ASSETCATALOG_COMPILER_APPICON_NAME = AppIcon;
				CODE_SIGN_STYLE = Automatic;
				INFOPLIST_FILE = TabBarProblem/Info.plist;
				LD_RUNPATH_SEARCH_PATHS = "$(inherited) @executable_path/Frameworks";
				PRODUCT_BUNDLE_IDENTIFIER = com.kam800.TabBarProblem;
				PRODUCT_NAME = "$(TARGET_NAME)";
				SWIFT_VERSION = 4.0;
				TARGETED_DEVICE_FAMILY = "1,2";
			};
			name = Debug;
		};
		D4AEF7151FEAF237002B2CFA /* Release */ = {
			isa = XCBuildConfiguration;
			buildSettings = {
				ASSETCATALOG_COMPILER_APPICON_NAME = AppIcon;
				CODE_SIGN_STYLE = Automatic;
				INFOPLIST_FILE = TabBarProblem/Info.plist;
				LD_RUNPATH_SEARCH_PATHS = "$(inherited) @executable_path/Frameworks";
				PRODUCT_BUNDLE_IDENTIFIER = com.kam800.TabBarProblem;
				PRODUCT_NAME = "$(TARGET_NAME)";
				SWIFT_VERSION = 4.0;
				TARGETED_DEVICE_FAMILY = "1,2";
			};
			name = Release;
		};
/* End XCBuildConfiguration section */

/* Begin XCConfigurationList section */
		D4AEF6FC1FEAF237002B2CFA /* Build configuration list for PBXProject "TabBarProblem" */ = {
			isa = XCConfigurationList;
			buildConfigurations = (
				D4AEF7111FEAF237002B2CFA /* Debug */,
				D4AEF7121FEAF237002B2CFA /* Release */,
			);
			defaultConfigurationIsVisible = 0;
			defaultConfigurationName = Release;
		};
		D4AEF7131FEAF237002B2CFA /* Build configuration list for PBXNativeTarget "TabBarProblem" */ = {
			isa = XCConfigurationList;
			buildConfigurations = (
				D4AEF7141FEAF237002B2CFA /* Debug */,
				D4AEF7151FEAF237002B2CFA /* Release */,
			);
			defaultConfigurationIsVisible = 0;
			defaultConfigurationName = Release;
		};
/* End XCConfigurationList section */
	};
	rootObject = D4AEF6F91FEAF237002B2CFA /* Project object */;
}
